
Microsoft Visual Studio Solution File, Format Version 12.00
# Visual Studio Version 17
VisualStudioVersion = 17.7.34003.232
MinimumVisualStudioVersion = 10.0.40219.1
Project("{FAE04EC0-301F-11D3-BF4B-00C04F79EFBC}") = "SpeechLive", "SpeechLive.csproj", "{D5DFBC1F-4628-443C-BA8E-43B0F60A7ABF}"
EndProject
Project("{FAE04EC0-301F-11D3-BF4B-00C04F79EFBC}") = "SpeechLive.Data", "..\SpeechLive.Data\SpeechLive.Data.csproj", "{4BABEE28-DE96-4DE5-B1D3-DCF19A3364F9}"
EndProject
Project("{FAE04EC0-301F-11D3-BF4B-00C04F79EFBC}") = "SpeechLive.Business", "..\SpeechLive.Business\SpeechLive.Business.csproj", "{D345B721-6361-43DD-B81E-6449EDB73170}"
EndProject
Global
	GlobalSection(SolutionConfigurationPlatforms) = preSolution
		Debug|Any CPU = Debug|Any CPU
		Release|Any CPU = Release|Any CPU
	EndGlobalSection
	GlobalSection(ProjectConfigurationPlatforms) = postSolution
		{D5DFBC1F-4628-443C-BA8E-43B0F60A7ABF}.Debug|Any CPU.ActiveCfg = Debug|Any CPU
		{D5DFBC1F-4628-443C-BA8E-43B0F60A7ABF}.Debug|Any CPU.Build.0 = Debug|Any CPU
		{D5DFBC1F-4628-443C-BA8E-43B0F60A7ABF}.Release|Any CPU.ActiveCfg = Release|Any CPU
		{D5DFBC1F-4628-443C-BA8E-43B0F60A7ABF}.Release|Any CPU.Build.0 = Release|Any CPU
		{4BABEE28-DE96-4DE5-B1D3-DCF19A3364F9}.Debug|Any CPU.ActiveCfg = Debug|Any CPU
		{4BABEE28-DE96-4DE5-B1D3-DCF19A3364F9}.Debug|Any CPU.Build.0 = Debug|Any CPU
		{4BABEE28-DE96-4DE5-B1D3-DCF19A3364F9}.Release|Any CPU.ActiveCfg = Release|Any CPU
		{4BABEE28-DE96-4DE5-B1D3-DCF19A3364F9}.Release|Any CPU.Build.0 = Release|Any CPU
		{D345B721-6361-43DD-B81E-6449EDB73170}.Debug|Any CPU.ActiveCfg = Debug|Any CPU
		{D345B721-6361-43DD-B81E-6449EDB73170}.Debug|Any CPU.Build.0 = Debug|Any CPU
		{D345B721-6361-43DD-B81E-6449EDB73170}.Release|Any CPU.ActiveCfg = Release|Any CPU
		{D345B721-6361-43DD-B81E-6449EDB73170}.Release|Any CPU.Build.0 = Release|Any CPU
	EndGlobalSection
	GlobalSection(SolutionProperties) = preSolution
		HideSolutionNode = FALSE
	EndGlobalSection
	GlobalSection(ExtensibilityGlobals) = postSolution
		SolutionGuid = {26EDF66E-6FBF-46E8-902C-D678698E9774}
	EndGlobalSection
EndGlobal
